
Microsoft Visual Studio Solution File, Format Version 12.00
# Visual Studio Version 16
VisualStudioVersion = 16.0.32002.261
MinimumVisualStudioVersion = 10.0.40219.1
Project("{FAE04EC0-301F-11D3-BF4B-00C04F79EFBC}") = "BarcodeImage", "BarcodeImage\BarcodeImage.csproj", "{9CE72C0E-6D29-4975-A4EE-A28599789732}"
EndProject
Global
	GlobalSection(SolutionConfigurationPlatforms) = preSolution
		Debug|Any CPU = Debug|Any CPU
		Release|Any CPU = Release|Any CPU
	EndGlobalSection
	GlobalSection(ProjectConfigurationPlatforms) = postSolution
		{9CE72C0E-6D29-4975-A4EE-A28599789732}.Debug|Any CPU.ActiveCfg = Debug|Any CPU
		{9CE72C0E-6D29-4975-A4EE-A28599789732}.Debug|Any CPU.Build.0 = Debug|Any CPU
		{9CE72C0E-6D29-4975-A4EE-A28599789732}.Release|Any CPU.ActiveCfg = Release|Any CPU
		{9CE72C0E-6D29-4975-A4EE-A28599789732}.Release|Any CPU.Build.0 = Release|Any CPU
	EndGlobalSection
	GlobalSection(SolutionProperties) = preSolution
		HideSolutionNode = FALSE
	EndGlobalSection
	GlobalSection(ExtensibilityGlobals) = postSolution
		SolutionGuid = {621A1ACA-94DF-4A8A-8C71-01E9E2464D4F}
	EndGlobalSection
EndGlobal
